
Microsoft Visual Studio Solution File, Format Version 12.00
# Visual Studio Version 17
VisualStudioVersion = 17.7.34024.191
MinimumVisualStudioVersion = 10.0.40219.1
Project("{FAE04EC0-301F-11D3-BF4B-00C04F79EFBC}") = "IncompleteMediationExample", "IncompleteMediationExample\IncompleteMediationExample.csproj", "{24D1AD76-3974-4CA6-8521-57879609F413}"
EndProject
Global
	GlobalSection(SolutionConfigurationPlatforms) = preSolution
		Debug|Any CPU = Debug|Any CPU
		Release|Any CPU = Release|Any CPU
	EndGlobalSection
	GlobalSection(ProjectConfigurationPlatforms) = postSolution
		{24D1AD76-3974-4CA6-8521-57879609F413}.Debug|Any CPU.ActiveCfg = Debug|Any CPU
		{24D1AD76-3974-4CA6-8521-57879609F413}.Debug|Any CPU.Build.0 = Debug|Any CPU
		{24D1AD76-3974-4CA6-8521-57879609F413}.Release|Any CPU.ActiveCfg = Release|Any CPU
		{24D1AD76-3974-4CA6-8521-57879609F413}.Release|Any CPU.Build.0 = Release|Any CPU
	EndGlobalSection
	GlobalSection(SolutionProperties) = preSolution
		HideSolutionNode = FALSE
	EndGlobalSection
	GlobalSection(ExtensibilityGlobals) = postSolution
		SolutionGuid = {E3D50C87-99CC-4F4F-9C8D-F2157635817B}
	EndGlobalSection
EndGlobal
